
Microsoft Visual Studio Solution File, Format Version 12.00
# Visual Studio Version 16
VisualStudioVersion = 16.0.29806.167
MinimumVisualStudioVersion = 10.0.40219.1
Project("{8BC9CEB8-8B4A-11D0-8D11-00A0C91BC942}") = "LongCodeGenFinder", "LongCodeGenFinder\LongCodeGenFinder.vcxproj", "{0C9761DD-6792-4F43-8DEF-C0D697DDDFA1}"
EndProject
Project("{8BC9CEB8-8B4A-11D0-8D11-00A0C91BC942}") = "BottleneckCompileFinder", "BottleneckCompileFinder\BottleneckCompileFinder.vcxproj", "{771D60A2-EDC9-4CA1-BA93-F2B53CBC357D}"
EndProject
Project("{8BC9CEB8-8B4A-11D0-8D11-00A0C91BC942}") = "RecursiveTemplateInspector", "RecursiveTemplateInspector\RecursiveTemplateInspector.vcxproj", "{2F8A1B93-522E-449E-A7E2-2AFC0910DF48}"
EndProject
Project("{8BC9CEB8-8B4A-11D0-8D11-00A0C91BC942}") = "TopHeaders", "TopHeaders\TopHeaders.vcxproj", "{A99D36F8-E953-4C59-AD45-93597900CAFF}"
EndProject
Project("{8BC9CEB8-8B4A-11D0-8D11-00A0C91BC942}") = "FunctionBottlenecks", "FunctionBottlenecks\FunctionBottlenecks.vcxproj", "{F002C795-7D92-4146-8A7C-BBEB946F4309}"
EndProject
Project("{8BC9CEB8-8B4A-11D0-8D11-00A0C91BC942}") = "LongModuleFinder", "LongModuleFinder\LongModuleFinder.vcxproj", "{1149112D-C4E7-4CC7-B9C7-2AED3A159F8E}"
EndProject
Project("{8BC9CEB8-8B4A-11D0-8D11-00A0C91BC942}") = "LongPrecompiledHeaderFinder", "LongPrecompiledHeaderFinder\LongPrecompiledHeaderFinder.vcxproj", "{691B8829-AE90-4E85-B809-45D714F66CC0}"
EndProject
Project("{8BC9CEB8-8B4A-11D0-8D11-00A0C91BC942}") = "LongHeaderUnitFinder", "LongHeaderUnitFinder\LongHeaderUnitFinder.vcxproj", "{F16C04C7-7F1B-4D43-B9C3-156D27D0CD5B}"
EndProject
Project("{8BC9CEB8-8B4A-11D0-8D11-00A0C91BC942}") = "CAToolsetPerfDataCollector", "CAToolsetPerfDataCollector\CAToolsetPerfDataCollector.vcxproj", "{E58C0F2E-6D89-44B2-8E65-C5A60B52A295}"
EndProject
Global
	GlobalSection(SolutionConfigurationPlatforms) = preSolution
		Debug|x64 = Debug|x64
		Debug|x86 = Debug|x86
		Release|x64 = Release|x64
		Release|x86 = Release|x86
	EndGlobalSection
	GlobalSection(ProjectConfigurationPlatforms) = postSolution
		{0C9761DD-6792-4F43-8DEF-C0D697DDDFA1}.Debug|x64.ActiveCfg = Debug|x64
		{0C9761DD-6792-4F43-8DEF-C0D697DDDFA1}.Debug|x64.Build.0 = Debug|x64
		{0C9761DD-6792-4F43-8DEF-C0D697DDDFA1}.Debug|x86.ActiveCfg = Debug|Win32
		{0C9761DD-6792-4F43-8DEF-C0D697DDDFA1}.Debug|x86.Build.0 = Debug|Win32
		{0C9761DD-6792-4F43-8DEF-C0D697DDDFA1}.Release|x64.ActiveCfg = Release|x64
		{0C9761DD-6792-4F43-8DEF-C0D697DDDFA1}.Release|x64.Build.0 = Release|x64
		{0C9761DD-6792-4F43-8DEF-C0D697DDDFA1}.Release|x86.ActiveCfg = Release|Win32
		{0C9761DD-6792-4F43-8DEF-C0D697DDDFA1}.Release|x86.Build.0 = Release|Win32
		{771D60A2-EDC9-4CA1-BA93-F2B53CBC357D}.Debug|x64.ActiveCfg = Debug|x64
		{771D60A2-EDC9-4CA1-BA93-F2B53CBC357D}.Debug|x64.Build.0 = Debug|x64
		{771D60A2-EDC9-4CA1-BA93-F2B53CBC357D}.Debug|x86.ActiveCfg = Debug|Win32
		{771D60A2-EDC9-4CA1-BA93-F2B53CBC357D}.Debug|x86.Build.0 = Debug|Win32
		{771D60A2-EDC9-4CA1-BA93-F2B53CBC357D}.Release|x64.ActiveCfg = Release|x64
		{771D60A2-EDC9-4CA1-BA93-F2B53CBC357D}.Release|x64.Build.0 = Release|x64
		{771D60A2-EDC9-4CA1-BA93-F2B53CBC357D}.Release|x86.ActiveCfg = Release|Win32
		{771D60A2-EDC9-4CA1-BA93-F2B53CBC357D}.Release|x86.Build.0 = Release|Win32
		{2F8A1B93-522E-449E-A7E2-2AFC0910DF48}.Debug|x64.ActiveCfg = Debug|x64
		{2F8A1B93-522E-449E-A7E2-2AFC0910DF48}.Debug|x64.Build.0 = Debug|x64
		{2F8A1B93-522E-449E-A7E2-2AFC0910DF48}.Debug|x86.ActiveCfg = Debug|Win32
		{2F8A1B93-522E-449E-A7E2-2AFC0910DF48}.Debug|x86.Build.0 = Debug|Win32
		{2F8A1B93-522E-449E-A7E2-2AFC0910DF48}.Release|x64.ActiveCfg = Release|x64
		{2F8A1B93-522E-449E-A7E2-2AFC0910DF48}.Release|x64.Build.0 = Release|x64
		{2F8A1B93-522E-449E-A7E2-2AFC0910DF48}.Release|x86.ActiveCfg = Release|Win32
		{2F8A1B93-522E-449E-A7E2-2AFC0910DF48}.Release|x86.Build.0 = Release|Win32
		{A99D36F8-E953-4C59-AD45-93597900CAFF}.Debug|x64.ActiveCfg = Debug|x64
		{A99D36F8-E953-4C59-AD45-93597900CAFF}.Debug|x64.Build.0 = Debug|x64
		{A99D36F8-E953-4C59-AD45-93597900CAFF}.Debug|x86.ActiveCfg = Debug|Win32
		{A99D36F8-E953-4C59-AD45-93597900CAFF}.Debug|x86.Build.0 = Debug|Win32
		{A99D36F8-E953-4C59-AD45-93597900CAFF}.Release|x64.ActiveCfg = Release|x64
		{A99D36F8-E953-4C59-AD45-93597900CAFF}.Release|x64.Build.0 = Release|x64
		{A99D36F8-E953-4C59-AD45-93597900CAFF}.Release|x86.ActiveCfg = Release|Win32
		{A99D36F8-E953-4C59-AD45-93597900CAFF}.Release|x86.Build.0 = Release|Win32
		{F002C795-7D92-4146-8A7C-BBEB946F4309}.Debug|x64.ActiveCfg = Debug|x64
		{F002C795-7D92-4146-8A7C-BBEB946F4309}.Debug|x64.Build.0 = Debug|x64
		{F002C795-7D92-4146-8A7C-BBEB946F4309}.Debug|x86.ActiveCfg = Debug|Win32
		{F002C795-7D92-4146-8A7C-BBEB946F4309}.Debug|x86.Build.0 = Debug|Win32
		{F002C795-7D92-4146-8A7C-BBEB946F4309}.Release|x64.ActiveCfg = Release|x64
		{F002C795-7D92-4146-8A7C-BBEB946F4309}.Release|x64.Build.0 = Release|x64
		{F002C795-7D92-4146-8A7C-BBEB946F4309}.Release|x86.ActiveCfg = Release|Win32
		{F002C795-7D92-4146-8A7C-BBEB946F4309}.Release|x86.Build.0 = Release|Win32
		{1149112D-C4E7-4CC7-B9C7-2AED3A159F8E}.Debug|x64.ActiveCfg = Debug|x64
		{1149112D-C4E7-4CC7-B9C7-2AED3A159F8E}.Debug|x64.Build.0 = Debug|x64
		{1149112D-C4E7-4CC7-B9C7-2AED3A159F8E}.Debug|x86.ActiveCfg = Debug|Win32
		{1149112D-C4E7-4CC7-B9C7-2AED3A159F8E}.Debug|x86.Build.0 = Debug|Win32
		{1149112D-C4E7-4CC7-B9C7-2AED3A159F8E}.Release|x64.ActiveCfg = Release|x64
		{1149112D-C4E7-4CC7-B9C7-2AED3A159F8E}.Release|x64.Build.0 = Release|x64
		{1149112D-C4E7-4CC7-B9C7-2AED3A159F8E}.Release|x86.ActiveCfg = Release|Win32
		{1149112D-C4E7-4CC7-B9C7-2AED3A159F8E}.Release|x86.Build.0 = Release|Win32
		{691B8829-AE90-4E85-B809-45D714F66CC0}.Debug|x64.ActiveCfg = Debug|x64
		{691B8829-AE90-4E85-B809-45D714F66CC0}.Debug|x64.Build.0 = Debug|x64
		{691B8829-AE90-4E85-B809-45D714F66CC0}.Debug|x86.ActiveCfg = Debug|Win32
		{691B8829-AE90-4E85-B809-45D714F66CC0}.Debug|x86.Build.0 = Debug|Win32
		{691B8829-AE90-4E85-B809-45D714F66CC0}.Release|x64.ActiveCfg = Release|x64
		{691B8829-AE90-4E85-B809-45D714F66CC0}.Release|x64.Build.0 = Release|x64
		{691B8829-AE90-4E85-B809-45D714F66CC0}.Release|x86.ActiveCfg = Release|Win32
		{691B8829-AE90-4E85-B809-45D714F66CC0}.Release|x86.Build.0 = Release|Win32
		{F16C04C7-7F1B-4D43-B9C3-156D27D0CD5B}.Debug|x64.ActiveCfg = Debug|x64
		{F16C04C7-7F1B-4D43-B9C3-156D27D0CD5B}.Debug|x64.Build.0 = Debug|x64
		{F16C04C7-7F1B-4D43-B9C3-156D27D0CD5B}.Debug|x86.ActiveCfg = Debug|Win32
		{F16C04C7-7F1B-4D43-B9C3-156D27D0CD5B}.Debug|x86.Build.0 = Debug|Win32
		{F16C04C7-7F1B-4D43-B9C3-156D27D0CD5B}.Release|x64.ActiveCfg = Release|x64
		{F16C04C7-7F1B-4D43-B9C3-156D27D0CD5B}.Release|x64.Build.0 = Release|x64
		{F16C04C7-7F1B-4D43-B9C3-156D27D0CD5B}.Release|x86.ActiveCfg = Release|Win32
		{F16C04C7-7F1B-4D43-B9C3-156D27D0CD5B}.Release|x86.Build.0 = Release|Win32
		{E58C0F2E-6D89-44B2-8E65-C5A60B52A295}.Debug|x64.ActiveCfg = Debug|x64
		{E58C0F2E-6D89-44B2-8E65-C5A60B52A295}.Debug|x64.Build.0 = Debug|x64
		{E58C0F2E-6D89-44B2-8E65-C5A60B52A295}.Debug|x86.ActiveCfg = Debug|Win32
		{E58C0F2E-6D89-44B2-8E65-C5A60B52A295}.Debug|x86.Build.0 = Debug|Win32
		{E58C0F2E-6D89-44B2-8E65-C5A60B52A295}.Release|x64.ActiveCfg = Release|x64
		{E58C0F2E-6D89-44B2-8E65-C5A60B52A295}.Release|x64.Build.0 = Release|x64
		{E58C0F2E-6D89-44B2-8E65-C5A60B52A295}.Release|x86.ActiveCfg = Release|Win32
		{E58C0F2E-6D89-44B2-8E65-C5A60B52A295}.Release|x86.Build.0 = Release|Win32
	EndGlobalSection
	GlobalSection(SolutionProperties) = preSolution
		HideSolutionNode = FALSE
	EndGlobalSection
	GlobalSection(ExtensibilityGlobals) = postSolution
		SolutionGuid = {24E22F67-89F7-404A-99B5-BBD9D945B0CD}
	EndGlobalSection
EndGlobal
